
Microsoft Visual Studio Solution File, Format Version 11.00
# Visual Studio 2010
Project("{FAE04EC0-301F-11D3-BF4B-00C04F79EFBC}") = "Assembly-CSharp", "Assembly-CSharp.csproj", "{755CC9DF-6310-1DCC-74B0-BE9BFEC94009}"
EndProject
Project("{FAE04EC0-301F-11D3-BF4B-00C04F79EFBC}") = "Assembly-CSharp-Editor", "Assembly-CSharp-Editor.csproj", "{42F5D91D-7E40-49B0-7D64-C4ABB31335A1}"
EndProject
Global
	GlobalSection(SolutionConfigurationPlatforms) = preSolution
		Debug|Any CPU = Debug|Any CPU
		Release|Any CPU = Release|Any CPU
	EndGlobalSection
	GlobalSection(ProjectConfigurationPlatforms) = postSolution
		{755CC9DF-6310-1DCC-74B0-BE9BFEC94009}.Debug|Any CPU.ActiveCfg = Debug|Any CPU
		{755CC9DF-6310-1DCC-74B0-BE9BFEC94009}.Debug|Any CPU.Build.0 = Debug|Any CPU
		{755CC9DF-6310-1DCC-74B0-BE9BFEC94009}.Release|Any CPU.ActiveCfg = Release|Any CPU
		{755CC9DF-6310-1DCC-74B0-BE9BFEC94009}.Release|Any CPU.Build.0 = Release|Any CPU
		{42F5D91D-7E40-49B0-7D64-C4ABB31335A1}.Debug|Any CPU.ActiveCfg = Debug|Any CPU
		{42F5D91D-7E40-49B0-7D64-C4ABB31335A1}.Debug|Any CPU.Build.0 = Debug|Any CPU
		{42F5D91D-7E40-49B0-7D64-C4ABB31335A1}.Release|Any CPU.ActiveCfg = Release|Any CPU
		{42F5D91D-7E40-49B0-7D64-C4ABB31335A1}.Release|Any CPU.Build.0 = Release|Any CPU
	EndGlobalSection
	GlobalSection(SolutionProperties) = preSolution
		HideSolutionNode = FALSE
	EndGlobalSection
EndGlobal
