
Microsoft Visual Studio Solution File, Format Version 12.00
# Visual Studio 15
Project("{FAE04EC0-301F-11D3-BF4B-00C04F79EFBC}") = "Assembly-CSharp", "Assembly-CSharp.csproj", "{755CC9DF-6310-1DCC-74B0-BE9BFEC94009}"
EndProject
Project("{FAE04EC0-301F-11D3-BF4B-00C04F79EFBC}") = "Assembly-CSharp-Editor", "Assembly-CSharp-Editor.csproj", "{42F5D91D-7E40-49B0-7D64-C4ABB31335A1}"
EndProject
Project("{FAE04EC0-301F-11D3-BF4B-00C04F79EFBC}") = "Unity.XR.Management.Samples", "Unity.XR.Management.Samples.csproj", "{DF74FC7A-ED70-288A-D20E-C66E7360DB85}"
EndProject
Project("{FAE04EC0-301F-11D3-BF4B-00C04F79EFBC}") = "Unity.XR.Management.Samples.Editor", "Unity.XR.Management.Samples.Editor.csproj", "{EEF9D5FC-BDEE-C31E-3769-172EDFDEE24C}"
EndProject
Global
	GlobalSection(SolutionConfigurationPlatforms) = preSolution
		Debug|Any CPU = Debug|Any CPU
		Release|Any CPU = Release|Any CPU
	EndGlobalSection
	GlobalSection(ProjectConfigurationPlatforms) = postSolution
		{755CC9DF-6310-1DCC-74B0-BE9BFEC94009}.Debug|Any CPU.ActiveCfg = Debug|Any CPU
		{755CC9DF-6310-1DCC-74B0-BE9BFEC94009}.Debug|Any CPU.Build.0 = Debug|Any CPU
		{755CC9DF-6310-1DCC-74B0-BE9BFEC94009}.Release|Any CPU.ActiveCfg = Release|Any CPU
		{755CC9DF-6310-1DCC-74B0-BE9BFEC94009}.Release|Any CPU.Build.0 = Release|Any CPU
		{42F5D91D-7E40-49B0-7D64-C4ABB31335A1}.Debug|Any CPU.ActiveCfg = Debug|Any CPU
		{42F5D91D-7E40-49B0-7D64-C4ABB31335A1}.Debug|Any CPU.Build.0 = Debug|Any CPU
		{42F5D91D-7E40-49B0-7D64-C4ABB31335A1}.Release|Any CPU.ActiveCfg = Release|Any CPU
		{42F5D91D-7E40-49B0-7D64-C4ABB31335A1}.Release|Any CPU.Build.0 = Release|Any CPU
		{DF74FC7A-ED70-288A-D20E-C66E7360DB85}.Debug|Any CPU.ActiveCfg = Debug|Any CPU
		{DF74FC7A-ED70-288A-D20E-C66E7360DB85}.Debug|Any CPU.Build.0 = Debug|Any CPU
		{DF74FC7A-ED70-288A-D20E-C66E7360DB85}.Release|Any CPU.ActiveCfg = Release|Any CPU
		{DF74FC7A-ED70-288A-D20E-C66E7360DB85}.Release|Any CPU.Build.0 = Release|Any CPU
		{EEF9D5FC-BDEE-C31E-3769-172EDFDEE24C}.Debug|Any CPU.ActiveCfg = Debug|Any CPU
		{EEF9D5FC-BDEE-C31E-3769-172EDFDEE24C}.Debug|Any CPU.Build.0 = Debug|Any CPU
		{EEF9D5FC-BDEE-C31E-3769-172EDFDEE24C}.Release|Any CPU.ActiveCfg = Release|Any CPU
		{EEF9D5FC-BDEE-C31E-3769-172EDFDEE24C}.Release|Any CPU.Build.0 = Release|Any CPU
	EndGlobalSection
	GlobalSection(SolutionProperties) = preSolution
		HideSolutionNode = FALSE
	EndGlobalSection
EndGlobal
